// !$*UTF8*$!
{
	archiveVersion = 1;
	classes = {
	};
	objectVersion = 46;
	objects = {

/* Begin PBXBuildFile section */
		CAAE8553F2D31977D6E6BDCA /* Pods.framework in Frameworks */ = {isa = PBXBuildFile; fileRef = 9EF11983EB4F8DB044945A7C /* Pods.framework */; };
		CB3135811D40465900F9F019 /* UIButton+Extension.swift in Sources */ = {isa = PBXBuildFile; fileRef = CB3135801D40465900F9F019 /* UIButton+Extension.swift */; };
		CB3135831D4093C900F9F019 /* Main.storyboard in Resources */ = {isa = PBXBuildFile; fileRef = CB3135821D4093C900F9F019 /* Main.storyboard */; };
		CB382D481D2E45EC001370D3 /* AppDelegate.swift in Sources */ = {isa = PBXBuildFile; fileRef = CB382D471D2E45EC001370D3 /* AppDelegate.swift */; };
		CB382D4F1D2E45EC001370D3 /* Assets.xcassets in Resources */ = {isa = PBXBuildFile; fileRef = CB382D4E1D2E45EC001370D3 /* Assets.xcassets */; };
		CB382D5D1D2E45EC001370D3 /* Weibo_Swift_Tests.swift in Sources */ = {isa = PBXBuildFile; fileRef = CB382D5C1D2E45EC001370D3 /* Weibo_Swift_Tests.swift */; };
		CB382D681D2E45EC001370D3 /* Weibo_Swift_UITests.swift in Sources */ = {isa = PBXBuildFile; fileRef = CB382D671D2E45EC001370D3 /* Weibo_Swift_UITests.swift */; };
		CB5986951D47005F00DC2147 /* Popover.storyboard in Resources */ = {isa = PBXBuildFile; fileRef = CB5986941D47005F00DC2147 /* Popover.storyboard */; };
		CB5986971D47053900DC2147 /* ZYPresentationController.swift in Sources */ = {isa = PBXBuildFile; fileRef = CB5986961D47053900DC2147 /* ZYPresentationController.swift */; };
		CB5EBC801D378162009FEE62 /* MainViewController.swift in Sources */ = {isa = PBXBuildFile; fileRef = CB5EBC7F1D378162009FEE62 /* MainViewController.swift */; };
		CB5EBC821D378183009FEE62 /* HomeTableViewController.swift in Sources */ = {isa = PBXBuildFile; fileRef = CB5EBC811D378183009FEE62 /* HomeTableViewController.swift */; };
		CB5EBC841D378197009FEE62 /* MessageTableViewController.swift in Sources */ = {isa = PBXBuildFile; fileRef = CB5EBC831D378197009FEE62 /* MessageTableViewController.swift */; };
		CB5EBC861D3781AC009FEE62 /* ProfileTableViewController.swift in Sources */ = {isa = PBXBuildFile; fileRef = CB5EBC851D3781AC009FEE62 /* ProfileTableViewController.swift */; };
		CB5EBC881D3781C1009FEE62 /* DiscoverTableViewController.swift in Sources */ = {isa = PBXBuildFile; fileRef = CB5EBC871D3781C1009FEE62 /* DiscoverTableViewController.swift */; };
		CB5EBC8C1D391FC1009FEE62 /* MainVCSettings.json in Resources */ = {isa = PBXBuildFile; fileRef = CB5EBC8A1D391FC1009FEE62 /* MainVCSettings.json */; };
		CB5EBC8D1D391FC1009FEE62 /* NullViewController.swift in Sources */ = {isa = PBXBuildFile; fileRef = CB5EBC8B1D391FC1009FEE62 /* NullViewController.swift */; };
		CB7EE59C1D61F38800C91AC8 /* OAuth.storyboard in Resources */ = {isa = PBXBuildFile; fileRef = CB7EE59B1D61F38800C91AC8 /* OAuth.storyboard */; };
		CB7EE5A21D61F4FB00C91AC8 /* OAuthViewController.swift in Sources */ = {isa = PBXBuildFile; fileRef = CB7EE5A11D61F4FB00C91AC8 /* OAuthViewController.swift */; };
		CB7EE5A41D61FCCE00C91AC8 /* Common.swift in Sources */ = {isa = PBXBuildFile; fileRef = CB7EE5A31D61FCCE00C91AC8 /* Common.swift */; };
		CB7EE5A61D6208C200C91AC8 /* NetworkTools.swift in Sources */ = {isa = PBXBuildFile; fileRef = CB7EE5A51D6208C200C91AC8 /* NetworkTools.swift */; };
		CB7EE5A81D620A5E00C91AC8 /* String+Extension.swift in Sources */ = {isa = PBXBuildFile; fileRef = CB7EE5A71D620A5E00C91AC8 /* String+Extension.swift */; };
		CB7EE5AA1D620F2E00C91AC8 /* UserAccount.swift in Sources */ = {isa = PBXBuildFile; fileRef = CB7EE5A91D620F2E00C91AC8 /* UserAccount.swift */; };
		CB7EE5AD1D65905600C91AC8 /* Welcome.storyboard in Resources */ = {isa = PBXBuildFile; fileRef = CB7EE5AC1D65905600C91AC8 /* Welcome.storyboard */; };
		CB7EE5AF1D65907300C91AC8 /* WelcomeViewController.swift in Sources */ = {isa = PBXBuildFile; fileRef = CB7EE5AE1D65907300C91AC8 /* WelcomeViewController.swift */; };
		CB7EE5B11D65989500C91AC8 /* Newfeature.storyboard in Resources */ = {isa = PBXBuildFile; fileRef = CB7EE5B01D65989500C91AC8 /* Newfeature.storyboard */; };
		CB7EE5B31D6598B200C91AC8 /* NewfeatureViewController.swift in Sources */ = {isa = PBXBuildFile; fileRef = CB7EE5B21D6598B200C91AC8 /* NewfeatureViewController.swift */; };
		CB87D1D21D41E0FA004C23B5 /* Home.storyboard in Resources */ = {isa = PBXBuildFile; fileRef = CB87D1D11D41E0FA004C23B5 /* Home.storyboard */; };
		CB87D1D41D41E122004C23B5 /* Message.storyboard in Resources */ = {isa = PBXBuildFile; fileRef = CB87D1D31D41E122004C23B5 /* Message.storyboard */; };
		CB87D1D61D41E292004C23B5 /* Discover.storyboard in Resources */ = {isa = PBXBuildFile; fileRef = CB87D1D51D41E292004C23B5 /* Discover.storyboard */; };
		CB87D1D81D41E2AD004C23B5 /* Profile.storyboard in Resources */ = {isa = PBXBuildFile; fileRef = CB87D1D71D41E2AD004C23B5 /* Profile.storyboard */; };
		CB87D1DC1D41E571004C23B5 /* MainStoryboardViewController.swift in Sources */ = {isa = PBXBuildFile; fileRef = CB87D1DB1D41E571004C23B5 /* MainStoryboardViewController.swift */; };
		CB87D1DE1D422DC6004C23B5 /* Null.storyboard in Resources */ = {isa = PBXBuildFile; fileRef = CB87D1DD1D422DC6004C23B5 /* Null.storyboard */; };
		CB87D1E01D423122004C23B5 /* BaseTableViewController.swift in Sources */ = {isa = PBXBuildFile; fileRef = CB87D1DF1D423122004C23B5 /* BaseTableViewController.swift */; };
		CB87D1E21D423389004C23B5 /* VisitorView.swift in Sources */ = {isa = PBXBuildFile; fileRef = CB87D1E11D423389004C23B5 /* VisitorView.swift */; };
		CB87D1E41D4233D9004C23B5 /* VisitorView.xib in Resources */ = {isa = PBXBuildFile; fileRef = CB87D1E31D4233D9004C23B5 /* VisitorView.xib */; };
		CB87D1E61D464D22004C23B5 /* UIBarButtonItem+Extension.swift in Sources */ = {isa = PBXBuildFile; fileRef = CB87D1E51D464D22004C23B5 /* UIBarButtonItem+Extension.swift */; };
		CB87D1E81D465B59004C23B5 /* TitleButton.swift in Sources */ = {isa = PBXBuildFile; fileRef = CB87D1E71D465B59004C23B5 /* TitleButton.swift */; };
		CB88C27C1D4F419C00F4D6CB /* QRCodeMyBusinessCardViewController.swift in Sources */ = {isa = PBXBuildFile; fileRef = CB88C27B1D4F419C00F4D6CB /* QRCodeMyBusinessCardViewController.swift */; };
		CBCA5BBF1D4AD22E0047DCC5 /* ZYPresentationManager.swift in Sources */ = {isa = PBXBuildFile; fileRef = CBCA5BBE1D4AD22E0047DCC5 /* ZYPresentationManager.swift */; };
		CBCA5BC11D4AFD500047DCC5 /* ZYPopoverViewController.swift in Sources */ = {isa = PBXBuildFile; fileRef = CBCA5BC01D4AFD500047DCC5 /* ZYPopoverViewController.swift */; };
		CBCA5BC41D4B01E10047DCC5 /* QRCode.storyboard in Resources */ = {isa = PBXBuildFile; fileRef = CBCA5BC31D4B01E10047DCC5 /* QRCode.storyboard */; };
		CBCA5BC61D4B9C320047DCC5 /* QRCodeViewController.swift in Sources */ = {isa = PBXBuildFile; fileRef = CBCA5BC51D4B9C320047DCC5 /* QRCodeViewController.swift */; };
/* End PBXBuildFile section */

/* Begin PBXContainerItemProxy section */
		CB382D591D2E45EC001370D3 /* PBXContainerItemProxy */ = {
			isa = PBXContainerItemProxy;
			containerPortal = CB382D3C1D2E45EB001370D3 /* Project object */;
			proxyType = 1;
			remoteGlobalIDString = CB382D431D2E45EB001370D3;
			remoteInfo = "Weibo(Swift)";
		};
		CB382D641D2E45EC001370D3 /* PBXContainerItemProxy */ = {
			isa = PBXContainerItemProxy;
			containerPortal = CB382D3C1D2E45EB001370D3 /* Project object */;
			proxyType = 1;
			remoteGlobalIDString = CB382D431D2E45EB001370D3;
			remoteInfo = "Weibo(Swift)";
		};
/* End PBXContainerItemProxy section */

/* Begin PBXFileReference section */
		8599B9C6B0D98CA27D930107 /* Pods.release.xcconfig */ = {isa = PBXFileReference; includeInIndex = 1; lastKnownFileType = text.xcconfig; name = Pods.release.xcconfig; path = "Pods/Target Support Files/Pods/Pods.release.xcconfig"; sourceTree = "<group>"; };
		9EF11983EB4F8DB044945A7C /* Pods.framework */ = {isa = PBXFileReference; explicitFileType = wrapper.framework; includeInIndex = 0; path = Pods.framework; sourceTree = BUILT_PRODUCTS_DIR; };
		B8F197D9A56039C7474E9A1C /* Pods.debug.xcconfig */ = {isa = PBXFileReference; includeInIndex = 1; lastKnownFileType = text.xcconfig; name = Pods.debug.xcconfig; path = "Pods/Target Support Files/Pods/Pods.debug.xcconfig"; sourceTree = "<group>"; };
		CB3135801D40465900F9F019 /* UIButton+Extension.swift */ = {isa = PBXFileReference; fileEncoding = 4; lastKnownFileType = sourcecode.swift; path = "UIButton+Extension.swift"; sourceTree = "<group>"; };
		CB3135821D4093C900F9F019 /* Main.storyboard */ = {isa = PBXFileReference; fileEncoding = 4; lastKnownFileType = file.storyboard; path = Main.storyboard; sourceTree = "<group>"; };
		CB382D441D2E45EB001370D3 /* 微博Swift.app */ = {isa = PBXFileReference; explicitFileType = wrapper.application; includeInIndex = 0; path = "微博Swift.app"; sourceTree = BUILT_PRODUCTS_DIR; };
		CB382D471D2E45EC001370D3 /* AppDelegate.swift */ = {isa = PBXFileReference; lastKnownFileType = sourcecode.swift; path = AppDelegate.swift; sourceTree = "<group>"; };
		CB382D4E1D2E45EC001370D3 /* Assets.xcassets */ = {isa = PBXFileReference; lastKnownFileType = folder.assetcatalog; path = Assets.xcassets; sourceTree = "<group>"; };
		CB382D531D2E45EC001370D3 /* Info.plist */ = {isa = PBXFileReference; lastKnownFileType = text.plist.xml; path = Info.plist; sourceTree = "<group>"; };
		CB382D581D2E45EC001370D3 /* Weibo(Swift)Tests.xctest */ = {isa = PBXFileReference; explicitFileType = wrapper.cfbundle; includeInIndex = 0; path = "Weibo(Swift)Tests.xctest"; sourceTree = BUILT_PRODUCTS_DIR; };
		CB382D5C1D2E45EC001370D3 /* Weibo_Swift_Tests.swift */ = {isa = PBXFileReference; lastKnownFileType = sourcecode.swift; path = Weibo_Swift_Tests.swift; sourceTree = "<group>"; };
		CB382D5E1D2E45EC001370D3 /* Info.plist */ = {isa = PBXFileReference; lastKnownFileType = text.plist.xml; path = Info.plist; sourceTree = "<group>"; };
		CB382D631D2E45EC001370D3 /* Weibo(Swift)UITests.xctest */ = {isa = PBXFileReference; explicitFileType = wrapper.cfbundle; includeInIndex = 0; path = "Weibo(Swift)UITests.xctest"; sourceTree = BUILT_PRODUCTS_DIR; };
		CB382D671D2E45EC001370D3 /* Weibo_Swift_UITests.swift */ = {isa = PBXFileReference; lastKnownFileType = sourcecode.swift; path = Weibo_Swift_UITests.swift; sourceTree = "<group>"; };
		CB382D691D2E45EC001370D3 /* Info.plist */ = {isa = PBXFileReference; lastKnownFileType = text.plist.xml; path = Info.plist; sourceTree = "<group>"; };
		CB5986941D47005F00DC2147 /* Popover.storyboard */ = {isa = PBXFileReference; fileEncoding = 4; lastKnownFileType = file.storyboard; path = Popover.storyboard; sourceTree = "<group>"; };
		CB5986961D47053900DC2147 /* ZYPresentationController.swift */ = {isa = PBXFileReference; fileEncoding = 4; lastKnownFileType = sourcecode.swift; path = ZYPresentationController.swift; sourceTree = "<group>"; };
		CB5EBC7F1D378162009FEE62 /* MainViewController.swift */ = {isa = PBXFileReference; fileEncoding = 4; lastKnownFileType = sourcecode.swift; path = MainViewController.swift; sourceTree = "<group>"; };
		CB5EBC811D378183009FEE62 /* HomeTableViewController.swift */ = {isa = PBXFileReference; fileEncoding = 4; lastKnownFileType = sourcecode.swift; path = HomeTableViewController.swift; sourceTree = "<group>"; };
		CB5EBC831D378197009FEE62 /* MessageTableViewController.swift */ = {isa = PBXFileReference; fileEncoding = 4; lastKnownFileType = sourcecode.swift; path = MessageTableViewController.swift; sourceTree = "<group>"; };
		CB5EBC851D3781AC009FEE62 /* ProfileTableViewController.swift */ = {isa = PBXFileReference; fileEncoding = 4; lastKnownFileType = sourcecode.swift; path = ProfileTableViewController.swift; sourceTree = "<group>"; };
		CB5EBC871D3781C1009FEE62 /* DiscoverTableViewController.swift */ = {isa = PBXFileReference; fileEncoding = 4; lastKnownFileType = sourcecode.swift; path = DiscoverTableViewController.swift; sourceTree = "<group>"; };
		CB5EBC8A1D391FC1009FEE62 /* MainVCSettings.json */ = {isa = PBXFileReference; fileEncoding = 4; lastKnownFileType = text.json; path = MainVCSettings.json; sourceTree = "<group>"; };
		CB5EBC8B1D391FC1009FEE62 /* NullViewController.swift */ = {isa = PBXFileReference; fileEncoding = 4; lastKnownFileType = sourcecode.swift; path = NullViewController.swift; sourceTree = "<group>"; };
		CB7EE59B1D61F38800C91AC8 /* OAuth.storyboard */ = {isa = PBXFileReference; fileEncoding = 4; lastKnownFileType = file.storyboard; path = OAuth.storyboard; sourceTree = "<group>"; };
		CB7EE5A11D61F4FB00C91AC8 /* OAuthViewController.swift */ = {isa = PBXFileReference; fileEncoding = 4; lastKnownFileType = sourcecode.swift; path = OAuthViewController.swift; sourceTree = "<group>"; };
		CB7EE5A31D61FCCE00C91AC8 /* Common.swift */ = {isa = PBXFileReference; fileEncoding = 4; lastKnownFileType = sourcecode.swift; path = Common.swift; sourceTree = "<group>"; };
		CB7EE5A51D6208C200C91AC8 /* NetworkTools.swift */ = {isa = PBXFileReference; fileEncoding = 4; lastKnownFileType = sourcecode.swift; path = NetworkTools.swift; sourceTree = "<group>"; };
		CB7EE5A71D620A5E00C91AC8 /* String+Extension.swift */ = {isa = PBXFileReference; fileEncoding = 4; lastKnownFileType = sourcecode.swift; path = "String+Extension.swift"; sourceTree = "<group>"; };
		CB7EE5A91D620F2E00C91AC8 /* UserAccount.swift */ = {isa = PBXFileReference; fileEncoding = 4; lastKnownFileType = sourcecode.swift; path = UserAccount.swift; sourceTree = "<group>"; };
		CB7EE5AC1D65905600C91AC8 /* Welcome.storyboard */ = {isa = PBXFileReference; fileEncoding = 4; lastKnownFileType = file.storyboard; path = Welcome.storyboard; sourceTree = "<group>"; };
		CB7EE5AE1D65907300C91AC8 /* WelcomeViewController.swift */ = {isa = PBXFileReference; fileEncoding = 4; lastKnownFileType = sourcecode.swift; path = WelcomeViewController.swift; sourceTree = "<group>"; };
		CB7EE5B01D65989500C91AC8 /* Newfeature.storyboard */ = {isa = PBXFileReference; fileEncoding = 4; lastKnownFileType = file.storyboard; path = Newfeature.storyboard; sourceTree = "<group>"; };
		CB7EE5B21D6598B200C91AC8 /* NewfeatureViewController.swift */ = {isa = PBXFileReference; fileEncoding = 4; lastKnownFileType = sourcecode.swift; path = NewfeatureViewController.swift; sourceTree = "<group>"; };
		CB87D1D11D41E0FA004C23B5 /* Home.storyboard */ = {isa = PBXFileReference; fileEncoding = 4; lastKnownFileType = file.storyboard; name = Home.storyboard; path = "Weibo(Swift)/Classes/Home/Home.storyboard"; sourceTree = SOURCE_ROOT; };
		CB87D1D31D41E122004C23B5 /* Message.storyboard */ = {isa = PBXFileReference; fileEncoding = 4; lastKnownFileType = file.storyboard; name = Message.storyboard; path = "Weibo(Swift)/Classes/Message/Message.storyboard"; sourceTree = SOURCE_ROOT; };
		CB87D1D51D41E292004C23B5 /* Discover.storyboard */ = {isa = PBXFileReference; fileEncoding = 4; lastKnownFileType = file.storyboard; name = Discover.storyboard; path = "Weibo(Swift)/Classes/Discover/Discover.storyboard"; sourceTree = SOURCE_ROOT; };
		CB87D1D71D41E2AD004C23B5 /* Profile.storyboard */ = {isa = PBXFileReference; fileEncoding = 4; lastKnownFileType = file.storyboard; name = Profile.storyboard; path = "Weibo(Swift)/Classes/Profile/Profile.storyboard"; sourceTree = SOURCE_ROOT; };
		CB87D1DB1D41E571004C23B5 /* MainStoryboardViewController.swift */ = {isa = PBXFileReference; fileEncoding = 4; lastKnownFileType = sourcecode.swift; path = MainStoryboardViewController.swift; sourceTree = "<group>"; };
		CB87D1DD1D422DC6004C23B5 /* Null.storyboard */ = {isa = PBXFileReference; fileEncoding = 4; lastKnownFileType = file.storyboard; path = Null.storyboard; sourceTree = "<group>"; };
		CB87D1DF1D423122004C23B5 /* BaseTableViewController.swift */ = {isa = PBXFileReference; fileEncoding = 4; lastKnownFileType = sourcecode.swift; path = BaseTableViewController.swift; sourceTree = "<group>"; };
		CB87D1E11D423389004C23B5 /* VisitorView.swift */ = {isa = PBXFileReference; fileEncoding = 4; lastKnownFileType = sourcecode.swift; path = VisitorView.swift; sourceTree = "<group>"; };
		CB87D1E31D4233D9004C23B5 /* VisitorView.xib */ = {isa = PBXFileReference; fileEncoding = 4; lastKnownFileType = file.xib; path = VisitorView.xib; sourceTree = "<group>"; };
		CB87D1E51D464D22004C23B5 /* UIBarButtonItem+Extension.swift */ = {isa = PBXFileReference; fileEncoding = 4; lastKnownFileType = sourcecode.swift; path = "UIBarButtonItem+Extension.swift"; sourceTree = "<group>"; };
		CB87D1E71D465B59004C23B5 /* TitleButton.swift */ = {isa = PBXFileReference; fileEncoding = 4; lastKnownFileType = sourcecode.swift; path = TitleButton.swift; sourceTree = "<group>"; };
		CB88C27B1D4F419C00F4D6CB /* QRCodeMyBusinessCardViewController.swift */ = {isa = PBXFileReference; fileEncoding = 4; lastKnownFileType = sourcecode.swift; path = QRCodeMyBusinessCardViewController.swift; sourceTree = "<group>"; };
		CBCA5BBE1D4AD22E0047DCC5 /* ZYPresentationManager.swift */ = {isa = PBXFileReference; fileEncoding = 4; lastKnownFileType = sourcecode.swift; path = ZYPresentationManager.swift; sourceTree = "<group>"; };
		CBCA5BC01D4AFD500047DCC5 /* ZYPopoverViewController.swift */ = {isa = PBXFileReference; fileEncoding = 4; lastKnownFileType = sourcecode.swift; path = ZYPopoverViewController.swift; sourceTree = "<group>"; };
		CBCA5BC31D4B01E10047DCC5 /* QRCode.storyboard */ = {isa = PBXFileReference; fileEncoding = 4; lastKnownFileType = file.storyboard; path = QRCode.storyboard; sourceTree = "<group>"; };
		CBCA5BC51D4B9C320047DCC5 /* QRCodeViewController.swift */ = {isa = PBXFileReference; fileEncoding = 4; lastKnownFileType = sourcecode.swift; path = QRCodeViewController.swift; sourceTree = "<group>"; };
/* End PBXFileReference section */

/* Begin PBXFrameworksBuildPhase section */
		CB382D411D2E45EB001370D3 /* Frameworks */ = {
			isa = PBXFrameworksBuildPhase;
			buildActionMask = 2147483647;
			files = (
				CAAE8553F2D31977D6E6BDCA /* Pods.framework in Frameworks */,
			);
			runOnlyForDeploymentPostprocessing = 0;
		};
		CB382D551D2E45EC001370D3 /* Frameworks */ = {
			isa = PBXFrameworksBuildPhase;
			buildActionMask = 2147483647;
			files = (
			);
			runOnlyForDeploymentPostprocessing = 0;
		};
		CB382D601D2E45EC001370D3 /* Frameworks */ = {
			isa = PBXFrameworksBuildPhase;
			buildActionMask = 2147483647;
			files = (
			);
			runOnlyForDeploymentPostprocessing = 0;
		};
/* End PBXFrameworksBuildPhase section */

/* Begin PBXGroup section */
		3CBBFD5115119540727936CE /* Pods */ = {
			isa = PBXGroup;
			children = (
				B8F197D9A56039C7474E9A1C /* Pods.debug.xcconfig */,
				8599B9C6B0D98CA27D930107 /* Pods.release.xcconfig */,
			);
			name = Pods;
			sourceTree = "<group>";
		};
		A7F3EC33F8F67350309AFA42 /* Frameworks */ = {
			isa = PBXGroup;
			children = (
				9EF11983EB4F8DB044945A7C /* Pods.framework */,
			);
			name = Frameworks;
			sourceTree = "<group>";
		};
		CB382D3B1D2E45EB001370D3 = {
			isa = PBXGroup;
			children = (
				CB382D461D2E45EB001370D3 /* Weibo(Swift) */,
				CB382D5B1D2E45EC001370D3 /* Weibo(Swift)Tests */,
				CB382D661D2E45EC001370D3 /* Weibo(Swift)UITests */,
				CB382D451D2E45EB001370D3 /* Products */,
				3CBBFD5115119540727936CE /* Pods */,
				A7F3EC33F8F67350309AFA42 /* Frameworks */,
			);
			sourceTree = "<group>";
		};
		CB382D451D2E45EB001370D3 /* Products */ = {
			isa = PBXGroup;
			children = (
				CB382D441D2E45EB001370D3 /* 微博Swift.app */,
				CB382D581D2E45EC001370D3 /* Weibo(Swift)Tests.xctest */,
				CB382D631D2E45EC001370D3 /* Weibo(Swift)UITests.xctest */,
			);
			name = Products;
			sourceTree = "<group>";
		};
		CB382D461D2E45EB001370D3 /* Weibo(Swift) */ = {
			isa = PBXGroup;
			children = (
				CB5EBC771D3780EF009FEE62 /* Classes */,
				CB382D471D2E45EC001370D3 /* AppDelegate.swift */,
				CB382D4E1D2E45EC001370D3 /* Assets.xcassets */,
				CB382D531D2E45EC001370D3 /* Info.plist */,
			);
			path = "Weibo(Swift)";
			sourceTree = "<group>";
		};
		CB382D5B1D2E45EC001370D3 /* Weibo(Swift)Tests */ = {
			isa = PBXGroup;
			children = (
				CB382D5C1D2E45EC001370D3 /* Weibo_Swift_Tests.swift */,
				CB382D5E1D2E45EC001370D3 /* Info.plist */,
			);
			path = "Weibo(Swift)Tests";
			sourceTree = "<group>";
		};
		CB382D661D2E45EC001370D3 /* Weibo(Swift)UITests */ = {
			isa = PBXGroup;
			children = (
				CB382D671D2E45EC001370D3 /* Weibo_Swift_UITests.swift */,
				CB382D691D2E45EC001370D3 /* Info.plist */,
			);
			path = "Weibo(Swift)UITests";
			sourceTree = "<group>";
		};
		CB5986931D47003900DC2147 /* Popover */ = {
			isa = PBXGroup;
			children = (
				CB5986941D47005F00DC2147 /* Popover.storyboard */,
				CB5986961D47053900DC2147 /* ZYPresentationController.swift */,
				CBCA5BBE1D4AD22E0047DCC5 /* ZYPresentationManager.swift */,
				CBCA5BC01D4AFD500047DCC5 /* ZYPopoverViewController.swift */,
			);
			path = Popover;
			sourceTree = "<group>";
		};
		CB5EBC771D3780EF009FEE62 /* Classes */ = {
			isa = PBXGroup;
			children = (
				CB7EE5AB1D64B5F600C91AC8 /* Newfeature */,
				CBCB32BC1D52F1B20082E303 /* OAuth */,
				CB5EBC781D3780EF009FEE62 /* Compose */,
				CB5EBC791D3780EF009FEE62 /* Discover */,
				CB5EBC7A1D3780EF009FEE62 /* Home */,
				CB5EBC7B1D3780EF009FEE62 /* Main */,
				CB5EBC7C1D3780EF009FEE62 /* Message */,
				CB5EBC7D1D3780EF009FEE62 /* Profile */,
				CB5EBC7E1D3780EF009FEE62 /* Tools */,
			);
			path = Classes;
			sourceTree = "<group>";
		};
		CB5EBC781D3780EF009FEE62 /* Compose */ = {
			isa = PBXGroup;
			children = (
			);
			path = Compose;
			sourceTree = "<group>";
		};
		CB5EBC791D3780EF009FEE62 /* Discover */ = {
			isa = PBXGroup;
			children = (
				CB5EBC871D3781C1009FEE62 /* DiscoverTableViewController.swift */,
				CB87D1D51D41E292004C23B5 /* Discover.storyboard */,
			);
			path = Discover;
			sourceTree = "<group>";
		};
		CB5EBC7A1D3780EF009FEE62 /* Home */ = {
			isa = PBXGroup;
			children = (
				CBCA5BC21D4B01BC0047DCC5 /* QRCode */,
				CB5986931D47003900DC2147 /* Popover */,
				CB5EBC811D378183009FEE62 /* HomeTableViewController.swift */,
				CB87D1D11D41E0FA004C23B5 /* Home.storyboard */,
			);
			path = Home;
			sourceTree = "<group>";
		};
		CB5EBC7B1D3780EF009FEE62 /* Main */ = {
			isa = PBXGroup;
			children = (
				CB5EBC891D391FC1009FEE62 /* Resource */,
				CB5EBC7F1D378162009FEE62 /* MainViewController.swift */,
				CB3135821D4093C900F9F019 /* Main.storyboard */,
				CB87D1DB1D41E571004C23B5 /* MainStoryboardViewController.swift */,
				CB87D1DF1D423122004C23B5 /* BaseTableViewController.swift */,
				CB87D1E11D423389004C23B5 /* VisitorView.swift */,
				CB87D1E31D4233D9004C23B5 /* VisitorView.xib */,
			);
			path = Main;
			sourceTree = "<group>";
		};
		CB5EBC7C1D3780EF009FEE62 /* Message */ = {
			isa = PBXGroup;
			children = (
				CB5EBC831D378197009FEE62 /* MessageTableViewController.swift */,
				CB87D1D31D41E122004C23B5 /* Message.storyboard */,
			);
			path = Message;
			sourceTree = "<group>";
		};
		CB5EBC7D1D3780EF009FEE62 /* Profile */ = {
			isa = PBXGroup;
			children = (
				CB5EBC851D3781AC009FEE62 /* ProfileTableViewController.swift */,
				CB87D1D71D41E2AD004C23B5 /* Profile.storyboard */,
			);
			path = Profile;
			sourceTree = "<group>";
		};
		CB5EBC7E1D3780EF009FEE62 /* Tools */ = {
			isa = PBXGroup;
			children = (
				CB3135801D40465900F9F019 /* UIButton+Extension.swift */,
				CB87D1E51D464D22004C23B5 /* UIBarButtonItem+Extension.swift */,
				CB87D1E71D465B59004C23B5 /* TitleButton.swift */,
				CB7EE5A31D61FCCE00C91AC8 /* Common.swift */,
				CB7EE5A51D6208C200C91AC8 /* NetworkTools.swift */,
				CB7EE5A71D620A5E00C91AC8 /* String+Extension.swift */,
			);
			path = Tools;
			sourceTree = "<group>";
		};
		CB5EBC891D391FC1009FEE62 /* Resource */ = {
			isa = PBXGroup;
			children = (
				CB5EBC8A1D391FC1009FEE62 /* MainVCSettings.json */,
				CB5EBC8B1D391FC1009FEE62 /* NullViewController.swift */,
				CB87D1DD1D422DC6004C23B5 /* Null.storyboard */,
			);
			path = Resource;
			sourceTree = "<group>";
		};
		CB7EE5AB1D64B5F600C91AC8 /* Newfeature */ = {
			isa = PBXGroup;
			children = (
				CB7EE5AC1D65905600C91AC8 /* Welcome.storyboard */,
				CB7EE5AE1D65907300C91AC8 /* WelcomeViewController.swift */,
				CB7EE5B01D65989500C91AC8 /* Newfeature.storyboard */,
				CB7EE5B21D6598B200C91AC8 /* NewfeatureViewController.swift */,
			);
			path = Newfeature;
			sourceTree = "<group>";
		};
		CBCA5BC21D4B01BC0047DCC5 /* QRCode */ = {
			isa = PBXGroup;
			children = (
				CBCA5BC31D4B01E10047DCC5 /* QRCode.storyboard */,
				CBCA5BC51D4B9C320047DCC5 /* QRCodeViewController.swift */,
				CB88C27B1D4F419C00F4D6CB /* QRCodeMyBusinessCardViewController.swift */,
			);
			path = QRCode;
			sourceTree = "<group>";
		};
		CBCB32BC1D52F1B20082E303 /* OAuth */ = {
			isa = PBXGroup;
			children = (
				CB7EE59B1D61F38800C91AC8 /* OAuth.storyboard */,
				CB7EE5A11D61F4FB00C91AC8 /* OAuthViewController.swift */,
				CB7EE5A91D620F2E00C91AC8 /* UserAccount.swift */,
			);
			path = OAuth;
			sourceTree = "<group>";
		};
/* End PBXGroup section */

/* Begin PBXNativeTarget section */
		CB382D431D2E45EB001370D3 /* Weibo(Swift) */ = {
			isa = PBXNativeTarget;
			buildConfigurationList = CB382D6C1D2E45EC001370D3 /* Build configuration list for PBXNativeTarget "Weibo(Swift)" */;
			buildPhases = (
				1B685D7D155C4579D2E6F1C2 /* Check Pods Manifest.lock */,
				CB382D401D2E45EB001370D3 /* Sources */,
				CB382D411D2E45EB001370D3 /* Frameworks */,
				CB382D421D2E45EB001370D3 /* Resources */,
				9C207F6B2296DC6F9B532A2F /* Embed Pods Frameworks */,
				CC303F0FD4C37F3E661D90CA /* Copy Pods Resources */,
			);
			buildRules = (
			);
			dependencies = (
			);
			name = "Weibo(Swift)";
			productName = "Weibo(Swift)";
			productReference = CB382D441D2E45EB001370D3 /* 微博Swift.app */;
			productType = "com.apple.product-type.application";
		};
		CB382D571D2E45EC001370D3 /* Weibo(Swift)Tests */ = {
			isa = PBXNativeTarget;
			buildConfigurationList = CB382D6F1D2E45EC001370D3 /* Build configuration list for PBXNativeTarget "Weibo(Swift)Tests" */;
			buildPhases = (
				CB382D541D2E45EC001370D3 /* Sources */,
				CB382D551D2E45EC001370D3 /* Frameworks */,
				CB382D561D2E45EC001370D3 /* Resources */,
			);
			buildRules = (
			);
			dependencies = (
				CB382D5A1D2E45EC001370D3 /* PBXTargetDependency */,
			);
			name = "Weibo(Swift)Tests";
			productName = "Weibo(Swift)Tests";
			productReference = CB382D581D2E45EC001370D3 /* Weibo(Swift)Tests.xctest */;
			productType = "com.apple.product-type.bundle.unit-test";
		};
		CB382D621D2E45EC001370D3 /* Weibo(Swift)UITests */ = {
			isa = PBXNativeTarget;
			buildConfigurationList = CB382D721D2E45EC001370D3 /* Build configuration list for PBXNativeTarget "Weibo(Swift)UITests" */;
			buildPhases = (
				CB382D5F1D2E45EC001370D3 /* Sources */,
				CB382D601D2E45EC001370D3 /* Frameworks */,
				CB382D611D2E45EC001370D3 /* Resources */,
			);
			buildRules = (
			);
			dependencies = (
				CB382D651D2E45EC001370D3 /* PBXTargetDependency */,
			);
			name = "Weibo(Swift)UITests";
			productName = "Weibo(Swift)UITests";
			productReference = CB382D631D2E45EC001370D3 /* Weibo(Swift)UITests.xctest */;
			productType = "com.apple.product-type.bundle.ui-testing";
		};
/* End PBXNativeTarget section */

/* Begin PBXProject section */
		CB382D3C1D2E45EB001370D3 /* Project object */ = {
			isa = PBXProject;
			attributes = {
				LastSwiftUpdateCheck = 0730;
				LastUpgradeCheck = 0730;
				ORGANIZATIONNAME = ZhouYuan;
				TargetAttributes = {
					CB382D431D2E45EB001370D3 = {
						CreatedOnToolsVersion = 7.3.1;
					};
					CB382D571D2E45EC001370D3 = {
						CreatedOnToolsVersion = 7.3.1;
						TestTargetID = CB382D431D2E45EB001370D3;
					};
					CB382D621D2E45EC001370D3 = {
						CreatedOnToolsVersion = 7.3.1;
						TestTargetID = CB382D431D2E45EB001370D3;
					};
				};
			};
			buildConfigurationList = CB382D3F1D2E45EB001370D3 /* Build configuration list for PBXProject "Weibo(Swift)" */;
			compatibilityVersion = "Xcode 3.2";
			developmentRegion = English;
			hasScannedForEncodings = 0;
			knownRegions = (
				en,
				Base,
			);
			mainGroup = CB382D3B1D2E45EB001370D3;
			productRefGroup = CB382D451D2E45EB001370D3 /* Products */;
			projectDirPath = "";
			projectRoot = "";
			targets = (
				CB382D431D2E45EB001370D3 /* Weibo(Swift) */,
				CB382D571D2E45EC001370D3 /* Weibo(Swift)Tests */,
				CB382D621D2E45EC001370D3 /* Weibo(Swift)UITests */,
			);
		};
/* End PBXProject section */

/* Begin PBXResourcesBuildPhase section */
		CB382D421D2E45EB001370D3 /* Resources */ = {
			isa = PBXResourcesBuildPhase;
			buildActionMask = 2147483647;
			files = (
				CB3135831D4093C900F9F019 /* Main.storyboard in Resources */,
				CB87D1DE1D422DC6004C23B5 /* Null.storyboard in Resources */,
				CB5EBC8C1D391FC1009FEE62 /* MainVCSettings.json in Resources */,
				CB87D1D41D41E122004C23B5 /* Message.storyboard in Resources */,
				CB7EE59C1D61F38800C91AC8 /* OAuth.storyboard in Resources */,
				CB7EE5AD1D65905600C91AC8 /* Welcome.storyboard in Resources */,
				CB382D4F1D2E45EC001370D3 /* Assets.xcassets in Resources */,
				CBCA5BC41D4B01E10047DCC5 /* QRCode.storyboard in Resources */,
				CB87D1D21D41E0FA004C23B5 /* Home.storyboard in Resources */,
				CB87D1D81D41E2AD004C23B5 /* Profile.storyboard in Resources */,
				CB7EE5B11D65989500C91AC8 /* Newfeature.storyboard in Resources */,
				CB87D1D61D41E292004C23B5 /* Discover.storyboard in Resources */,
				CB5986951D47005F00DC2147 /* Popover.storyboard in Resources */,
				CB87D1E41D4233D9004C23B5 /* VisitorView.xib in Resources */,
			);
			runOnlyForDeploymentPostprocessing = 0;
		};
		CB382D561D2E45EC001370D3 /* Resources */ = {
			isa = PBXResourcesBuildPhase;
			buildActionMask = 2147483647;
			files = (
			);
			runOnlyForDeploymentPostprocessing = 0;
		};
		CB382D611D2E45EC001370D3 /* Resources */ = {
			isa = PBXResourcesBuildPhase;
			buildActionMask = 2147483647;
			files = (
			);
			runOnlyForDeploymentPostprocessing = 0;
		};
/* End PBXResourcesBuildPhase section */

/* Begin PBXShellScriptBuildPhase section */
		1B685D7D155C4579D2E6F1C2 /* Check Pods Manifest.lock */ = {
			isa = PBXShellScriptBuildPhase;
			buildActionMask = 2147483647;
			files = (
			);
			inputPaths = (
			);
			name = "Check Pods Manifest.lock";
			outputPaths = (
			);
			runOnlyForDeploymentPostprocessing = 0;
			shellPath = /bin/sh;
			shellScript = "diff \"${PODS_ROOT}/../Podfile.lock\" \"${PODS_ROOT}/Manifest.lock\" > /dev/null\nif [[ $? != 0 ]] ; then\n    cat << EOM\nerror: The sandbox is not in sync with the Podfile.lock. Run 'pod install' or update your CocoaPods installation.\nEOM\n    exit 1\nfi\n";
			showEnvVarsInLog = 0;
		};
		9C207F6B2296DC6F9B532A2F /* Embed Pods Frameworks */ = {
			isa = PBXShellScriptBuildPhase;
			buildActionMask = 2147483647;
			files = (
			);
			inputPaths = (
			);
			name = "Embed Pods Frameworks";
			outputPaths = (
			);
			runOnlyForDeploymentPostprocessing = 0;
			shellPath = /bin/sh;
			shellScript = "\"${SRCROOT}/Pods/Target Support Files/Pods/Pods-frameworks.sh\"\n";
			showEnvVarsInLog = 0;
		};
		CC303F0FD4C37F3E661D90CA /* Copy Pods Resources */ = {
			isa = PBXShellScriptBuildPhase;
			buildActionMask = 2147483647;
			files = (
			);
			inputPaths = (
			);
			name = "Copy Pods Resources";
			outputPaths = (
			);
			runOnlyForDeploymentPostprocessing = 0;
			shellPath = /bin/sh;
			shellScript = "\"${SRCROOT}/Pods/Target Support Files/Pods/Pods-resources.sh\"\n";
			showEnvVarsInLog = 0;
		};
/* End PBXShellScriptBuildPhase section */

/* Begin PBXSourcesBuildPhase section */
		CB382D401D2E45EB001370D3 /* Sources */ = {
			isa = PBXSourcesBuildPhase;
			buildActionMask = 2147483647;
			files = (
				CB87D1E21D423389004C23B5 /* VisitorView.swift in Sources */,
				CB5EBC821D378183009FEE62 /* HomeTableViewController.swift in Sources */,
				CB88C27C1D4F419C00F4D6CB /* QRCodeMyBusinessCardViewController.swift in Sources */,
				CB5EBC861D3781AC009FEE62 /* ProfileTableViewController.swift in Sources */,
				CBCA5BC61D4B9C320047DCC5 /* QRCodeViewController.swift in Sources */,
				CB87D1E01D423122004C23B5 /* BaseTableViewController.swift in Sources */,
				CB87D1E61D464D22004C23B5 /* UIBarButtonItem+Extension.swift in Sources */,
				CB7EE5AA1D620F2E00C91AC8 /* UserAccount.swift in Sources */,
				CBCA5BC11D4AFD500047DCC5 /* ZYPopoverViewController.swift in Sources */,
				CB7EE5AF1D65907300C91AC8 /* WelcomeViewController.swift in Sources */,
				CB7EE5A41D61FCCE00C91AC8 /* Common.swift in Sources */,
				CB382D481D2E45EC001370D3 /* AppDelegate.swift in Sources */,
				CB5986971D47053900DC2147 /* ZYPresentationController.swift in Sources */,
				CB5EBC841D378197009FEE62 /* MessageTableViewController.swift in Sources */,
				CB7EE5A81D620A5E00C91AC8 /* String+Extension.swift in Sources */,
				CB5EBC881D3781C1009FEE62 /* DiscoverTableViewController.swift in Sources */,
				CB7EE5A21D61F4FB00C91AC8 /* OAuthViewController.swift in Sources */,
				CB7EE5A61D6208C200C91AC8 /* NetworkTools.swift in Sources */,
				CB87D1DC1D41E571004C23B5 /* MainStoryboardViewController.swift in Sources */,
				CB3135811D40465900F9F019 /* UIButton+Extension.swift in Sources */,
				CBCA5BBF1D4AD22E0047DCC5 /* ZYPresentationManager.swift in Sources */,
				CB7EE5B31D6598B200C91AC8 /* NewfeatureViewController.swift in Sources */,
				CB5EBC801D378162009FEE62 /* MainViewController.swift in Sources */,
				CB87D1E81D465B59004C23B5 /* TitleButton.swift in Sources */,
				CB5EBC8D1D391FC1009FEE62 /* NullViewController.swift in Sources */,
			);
			runOnlyForDeploymentPostprocessing = 0;
		};
		CB382D541D2E45EC001370D3 /* Sources */ = {
			isa = PBXSourcesBuildPhase;
			buildActionMask = 2147483647;
			files = (
				CB382D5D1D2E45EC001370D3 /* Weibo_Swift_Tests.swift in Sources */,
			);
			runOnlyForDeploymentPostprocessing = 0;
		};
		CB382D5F1D2E45EC001370D3 /* Sources */ = {
			isa = PBXSourcesBuildPhase;
			buildActionMask = 2147483647;
			files = (
				CB382D681D2E45EC001370D3 /* Weibo_Swift_UITests.swift in Sources */,
			);
			runOnlyForDeploymentPostprocessing = 0;
		};
/* End PBXSourcesBuildPhase section */

/* Begin PBXTargetDependency section */
		CB382D5A1D2E45EC001370D3 /* PBXTargetDependency */ = {
			isa = PBXTargetDependency;
			target = CB382D431D2E45EB001370D3 /* Weibo(Swift) */;
			targetProxy = CB382D591D2E45EC001370D3 /* PBXContainerItemProxy */;
		};
		CB382D651D2E45EC001370D3 /* PBXTargetDependency */ = {
			isa = PBXTargetDependency;
			target = CB382D431D2E45EB001370D3 /* Weibo(Swift) */;
			targetProxy = CB382D641D2E45EC001370D3 /* PBXContainerItemProxy */;
		};
/* End PBXTargetDependency section */

/* Begin XCBuildConfiguration section */
		CB382D6A1D2E45EC001370D3 /* Debug */ = {
			isa = XCBuildConfiguration;
			buildSettings = {
				ALWAYS_SEARCH_USER_PATHS = NO;
				CLANG_ANALYZER_NONNULL = YES;
				CLANG_CXX_LANGUAGE_STANDARD = "gnu++0x";
				CLANG_CXX_LIBRARY = "libc++";
				CLANG_ENABLE_MODULES = YES;
				CLANG_ENABLE_OBJC_ARC = YES;
				CLANG_WARN_BOOL_CONVERSION = YES;
				CLANG_WARN_CONSTANT_CONVERSION = YES;
				CLANG_WARN_DIRECT_OBJC_ISA_USAGE = YES_ERROR;
				CLANG_WARN_EMPTY_BODY = YES;
				CLANG_WARN_ENUM_CONVERSION = YES;
				CLANG_WARN_INT_CONVERSION = YES;
				CLANG_WARN_OBJC_ROOT_CLASS = YES_ERROR;
				CLANG_WARN_UNREACHABLE_CODE = YES;
				CLANG_WARN__DUPLICATE_METHOD_MATCH = YES;
				"CODE_SIGN_IDENTITY[sdk=iphoneos*]" = "iPhone Developer";
				COPY_PHASE_STRIP = NO;
				DEBUG_INFORMATION_FORMAT = dwarf;
				ENABLE_STRICT_OBJC_MSGSEND = YES;
				ENABLE_TESTABILITY = YES;
				GCC_C_LANGUAGE_STANDARD = gnu99;
				GCC_DYNAMIC_NO_PIC = NO;
				GCC_NO_COMMON_BLOCKS = YES;
				GCC_OPTIMIZATION_LEVEL = 0;
				GCC_PREPROCESSOR_DEFINITIONS = (
					"DEBUG=1",
					"$(inherited)",
				);
				GCC_WARN_64_TO_32_BIT_CONVERSION = YES;
				GCC_WARN_ABOUT_RETURN_TYPE = YES_ERROR;
				GCC_WARN_UNDECLARED_SELECTOR = YES;
				GCC_WARN_UNINITIALIZED_AUTOS = YES_AGGRESSIVE;
				GCC_WARN_UNUSED_FUNCTION = YES;
				GCC_WARN_UNUSED_VARIABLE = YES;
				IPHONEOS_DEPLOYMENT_TARGET = 9.3;
				MTL_ENABLE_DEBUG_INFO = YES;
				ONLY_ACTIVE_ARCH = YES;
				SDKROOT = iphoneos;
				SWIFT_OPTIMIZATION_LEVEL = "-Onone";
			};
			name = Debug;
		};
		CB382D6B1D2E45EC001370D3 /* Release */ = {
			isa = XCBuildConfiguration;
			buildSettings = {
				ALWAYS_SEARCH_USER_PATHS = NO;
				CLANG_ANALYZER_NONNULL = YES;
				CLANG_CXX_LANGUAGE_STANDARD = "gnu++0x";
				CLANG_CXX_LIBRARY = "libc++";
				CLANG_ENABLE_MODULES = YES;
				CLANG_ENABLE_OBJC_ARC = YES;
				CLANG_WARN_BOOL_CONVERSION = YES;
				CLANG_WARN_CONSTANT_CONVERSION = YES;
				CLANG_WARN_DIRECT_OBJC_ISA_USAGE = YES_ERROR;
				CLANG_WARN_EMPTY_BODY = YES;
				CLANG_WARN_ENUM_CONVERSION = YES;
				CLANG_WARN_INT_CONVERSION = YES;
				CLANG_WARN_OBJC_ROOT_CLASS = YES_ERROR;
				CLANG_WARN_UNREACHABLE_CODE = YES;
				CLANG_WARN__DUPLICATE_METHOD_MATCH = YES;
				"CODE_SIGN_IDENTITY[sdk=iphoneos*]" = "iPhone Developer";
				COPY_PHASE_STRIP = NO;
				DEBUG_INFORMATION_FORMAT = "dwarf-with-dsym";
				ENABLE_NS_ASSERTIONS = NO;
				ENABLE_STRICT_OBJC_MSGSEND = YES;
				GCC_C_LANGUAGE_STANDARD = gnu99;
				GCC_NO_COMMON_BLOCKS = YES;
				GCC_WARN_64_TO_32_BIT_CONVERSION = YES;
				GCC_WARN_ABOUT_RETURN_TYPE = YES_ERROR;
				GCC_WARN_UNDECLARED_SELECTOR = YES;
				GCC_WARN_UNINITIALIZED_AUTOS = YES_AGGRESSIVE;
				GCC_WARN_UNUSED_FUNCTION = YES;
				GCC_WARN_UNUSED_VARIABLE = YES;
				IPHONEOS_DEPLOYMENT_TARGET = 9.3;
				MTL_ENABLE_DEBUG_INFO = NO;
				SDKROOT = iphoneos;
				VALIDATE_PRODUCT = YES;
			};
			name = Release;
		};
		CB382D6D1D2E45EC001370D3 /* Debug */ = {
			isa = XCBuildConfiguration;
			baseConfigurationReference = B8F197D9A56039C7474E9A1C /* Pods.debug.xcconfig */;
			buildSettings = {
				ASSETCATALOG_COMPILER_APPICON_NAME = AppIcon;
				ASSETCATALOG_COMPILER_LAUNCHIMAGE_NAME = "Brand Assets";
				INFOPLIST_FILE = "Weibo(Swift)/Info.plist";
				IPHONEOS_DEPLOYMENT_TARGET = 9.0;
				LD_RUNPATH_SEARCH_PATHS = "$(inherited) @executable_path/Frameworks";
				OTHER_SWIFT_FLAGS = "$(inherited) \"-D\" \"COCOAPODS\" -D DEBUG";
				PRODUCT_BUNDLE_IDENTIFIER = "Zhou.Weibo-Swift-";
				PRODUCT_NAME = "微博Swift";
			};
			name = Debug;
		};
		CB382D6E1D2E45EC001370D3 /* Release */ = {
			isa = XCBuildConfiguration;
			baseConfigurationReference = 8599B9C6B0D98CA27D930107 /* Pods.release.xcconfig */;
			buildSettings = {
				ASSETCATALOG_COMPILER_APPICON_NAME = AppIcon;
				ASSETCATALOG_COMPILER_LAUNCHIMAGE_NAME = "Brand Assets";
				INFOPLIST_FILE = "Weibo(Swift)/Info.plist";
				IPHONEOS_DEPLOYMENT_TARGET = 9.0;
				LD_RUNPATH_SEARCH_PATHS = "$(inherited) @executable_path/Frameworks";
				PRODUCT_BUNDLE_IDENTIFIER = "Zhou.Weibo-Swift-";
				PRODUCT_NAME = "微博Swift";
			};
			name = Release;
		};
		CB382D701D2E45EC001370D3 /* Debug */ = {
			isa = XCBuildConfiguration;
			buildSettings = {
				BUNDLE_LOADER = "$(TEST_HOST)";
				INFOPLIST_FILE = "Weibo(Swift)Tests/Info.plist";
				LD_RUNPATH_SEARCH_PATHS = "$(inherited) @executable_path/Frameworks @loader_path/Frameworks";
				PRODUCT_BUNDLE_IDENTIFIER = "Zhou.Weibo-Swift-Tests";
				PRODUCT_NAME = "$(TARGET_NAME)";
				TEST_HOST = "$(BUILT_PRODUCTS_DIR)/Weibo(Swift).app/Weibo(Swift)";
			};
			name = Debug;
		};
		CB382D711D2E45EC001370D3 /* Release */ = {
			isa = XCBuildConfiguration;
			buildSettings = {
				BUNDLE_LOADER = "$(TEST_HOST)";
				INFOPLIST_FILE = "Weibo(Swift)Tests/Info.plist";
				LD_RUNPATH_SEARCH_PATHS = "$(inherited) @executable_path/Frameworks @loader_path/Frameworks";
				PRODUCT_BUNDLE_IDENTIFIER = "Zhou.Weibo-Swift-Tests";
				PRODUCT_NAME = "$(TARGET_NAME)";
				TEST_HOST = "$(BUILT_PRODUCTS_DIR)/Weibo(Swift).app/Weibo(Swift)";
			};
			name = Release;
		};
		CB382D731D2E45EC001370D3 /* Debug */ = {
			isa = XCBuildConfiguration;
			buildSettings = {
				INFOPLIST_FILE = "Weibo(Swift)UITests/Info.plist";
				LD_RUNPATH_SEARCH_PATHS = "$(inherited) @executable_path/Frameworks @loader_path/Frameworks";
				PRODUCT_BUNDLE_IDENTIFIER = "Zhou.Weibo-Swift-UITests";
				PRODUCT_NAME = "$(TARGET_NAME)";
				TEST_TARGET_NAME = "Weibo(Swift)";
			};
			name = Debug;
		};
		CB382D741D2E45EC001370D3 /* Release */ = {
			isa = XCBuildConfiguration;
			buildSettings = {
				INFOPLIST_FILE = "Weibo(Swift)UITests/Info.plist";
				LD_RUNPATH_SEARCH_PATHS = "$(inherited) @executable_path/Frameworks @loader_path/Frameworks";
				PRODUCT_BUNDLE_IDENTIFIER = "Zhou.Weibo-Swift-UITests";
				PRODUCT_NAME = "$(TARGET_NAME)";
				TEST_TARGET_NAME = "Weibo(Swift)";
			};
			name = Release;
		};
/* End XCBuildConfiguration section */

/* Begin XCConfigurationList section */
		CB382D3F1D2E45EB001370D3 /* Build configuration list for PBXProject "Weibo(Swift)" */ = {
			isa = XCConfigurationList;
			buildConfigurations = (
				CB382D6A1D2E45EC001370D3 /* Debug */,
				CB382D6B1D2E45EC001370D3 /* Release */,
			);
			defaultConfigurationIsVisible = 0;
			defaultConfigurationName = Release;
		};
		CB382D6C1D2E45EC001370D3 /* Build configuration list for PBXNativeTarget "Weibo(Swift)" */ = {
			isa = XCConfigurationList;
			buildConfigurations = (
				CB382D6D1D2E45EC001370D3 /* Debug */,
				CB382D6E1D2E45EC001370D3 /* Release */,
			);
			defaultConfigurationIsVisible = 0;
			defaultConfigurationName = Release;
		};
		CB382D6F1D2E45EC001370D3 /* Build configuration list for PBXNativeTarget "Weibo(Swift)Tests" */ = {
			isa = XCConfigurationList;
			buildConfigurations = (
				CB382D701D2E45EC001370D3 /* Debug */,
				CB382D711D2E45EC001370D3 /* Release */,
			);
			defaultConfigurationIsVisible = 0;
			defaultConfigurationName = Release;
		};
		CB382D721D2E45EC001370D3 /* Build configuration list for PBXNativeTarget "Weibo(Swift)UITests" */ = {
			isa = XCConfigurationList;
			buildConfigurations = (
				CB382D731D2E45EC001370D3 /* Debug */,
				CB382D741D2E45EC001370D3 /* Release */,
			);
			defaultConfigurationIsVisible = 0;
			defaultConfigurationName = Release;
		};
/* End XCConfigurationList section */
	};
	rootObject = CB382D3C1D2E45EB001370D3 /* Project object */;
}
